
Microsoft Visual Studio Solution File, Format Version 11.00
# Visual Studio 2010
Project("{FAE04EC0-301F-11D3-BF4B-00C04F79EFBC}") = "LudumDare_04_17", "Assembly-CSharp-firstpass.csproj", "{0F5AAC18-6195-270E-57AF-375BAF3D6D8E}"
EndProject
Project("{FAE04EC0-301F-11D3-BF4B-00C04F79EFBC}") = "LudumDare_04_17", "Assembly-CSharp.csproj", "{11E01793-3B82-EAF8-7EE2-3BDEDEC07BCF}"
EndProject
Project("{FAE04EC0-301F-11D3-BF4B-00C04F79EFBC}") = "LudumDare_04_17", "Assembly-CSharp-Editor-firstpass.csproj", "{750DD459-CC90-AB29-9522-1BE152F29D90}"
EndProject
Global
	GlobalSection(SolutionConfigurationPlatforms) = preSolution
		Debug|Any CPU = Debug|Any CPU
		Release|Any CPU = Release|Any CPU
	EndGlobalSection
	GlobalSection(ProjectConfigurationPlatforms) = postSolution
		{0F5AAC18-6195-270E-57AF-375BAF3D6D8E}.Debug|Any CPU.ActiveCfg = Debug|Any CPU
		{0F5AAC18-6195-270E-57AF-375BAF3D6D8E}.Debug|Any CPU.Build.0 = Debug|Any CPU
		{0F5AAC18-6195-270E-57AF-375BAF3D6D8E}.Release|Any CPU.ActiveCfg = Release|Any CPU
		{0F5AAC18-6195-270E-57AF-375BAF3D6D8E}.Release|Any CPU.Build.0 = Release|Any CPU
		{11E01793-3B82-EAF8-7EE2-3BDEDEC07BCF}.Debug|Any CPU.ActiveCfg = Debug|Any CPU
		{11E01793-3B82-EAF8-7EE2-3BDEDEC07BCF}.Debug|Any CPU.Build.0 = Debug|Any CPU
		{11E01793-3B82-EAF8-7EE2-3BDEDEC07BCF}.Release|Any CPU.ActiveCfg = Release|Any CPU
		{11E01793-3B82-EAF8-7EE2-3BDEDEC07BCF}.Release|Any CPU.Build.0 = Release|Any CPU
		{750DD459-CC90-AB29-9522-1BE152F29D90}.Debug|Any CPU.ActiveCfg = Debug|Any CPU
		{750DD459-CC90-AB29-9522-1BE152F29D90}.Debug|Any CPU.Build.0 = Debug|Any CPU
		{750DD459-CC90-AB29-9522-1BE152F29D90}.Release|Any CPU.ActiveCfg = Release|Any CPU
		{750DD459-CC90-AB29-9522-1BE152F29D90}.Release|Any CPU.Build.0 = Release|Any CPU
	EndGlobalSection
	GlobalSection(SolutionProperties) = preSolution
		HideSolutionNode = FALSE
	EndGlobalSection
	GlobalSection(MonoDevelopProperties) = preSolution
		StartupItem = Assembly-CSharp.csproj
	EndGlobalSection
EndGlobal
